// !$*UTF8*$!
{
	archiveVersion = 1;
	classes = {
	};
	objectVersion = 56;
	objects = {

/* Begin PBXBuildFile section */
		995BE3372A62CF390038BE1A /* UnitConverterApp.swift in Sources */ = {isa = PBXBuildFile; fileRef = 995BE3362A62CF390038BE1A /* UnitConverterApp.swift */; };
		995BE3392A62CF390038BE1A /* ContentView.swift in Sources */ = {isa = PBXBuildFile; fileRef = 995BE3382A62CF390038BE1A /* ContentView.swift */; };
		995BE33B2A62CF3A0038BE1A /* Assets.xcassets in Resources */ = {isa = PBXBuildFile; fileRef = 995BE33A2A62CF3A0038BE1A /* Assets.xcassets */; };
		995BE33E2A62CF3A0038BE1A /* Preview Assets.xcassets in Resources */ = {isa = PBXBuildFile; fileRef = 995BE33D2A62CF3A0038BE1A /* Preview Assets.xcassets */; };
		995BE3482A62CF3A0038BE1A /* UnitConverterTests.swift in Sources */ = {isa = PBXBuildFile; fileRef = 995BE3472A62CF3A0038BE1A /* UnitConverterTests.swift */; };
		995BE3522A62CF3A0038BE1A /* UnitConverterUITests.swift in Sources */ = {isa = PBXBuildFile; fileRef = 995BE3512A62CF3A0038BE1A /* UnitConverterUITests.swift */; };
		995BE3542A62CF3A0038BE1A /* UnitConverterUITestsLaunchTests.swift in Sources */ = {isa = PBXBuildFile; fileRef = 995BE3532A62CF3A0038BE1A /* UnitConverterUITestsLaunchTests.swift */; };
		995BE3632A66BDD50038BE1A /* LengthView.swift in Sources */ = {isa = PBXBuildFile; fileRef = 995BE3622A66BDD50038BE1A /* LengthView.swift */; };
		995BE3652A66C09E0038BE1A /* TemperatureView.swift in Sources */ = {isa = PBXBuildFile; fileRef = 995BE3642A66C09E0038BE1A /* TemperatureView.swift */; };
		995BE3672A66FCE70038BE1A /* TimeView.swift in Sources */ = {isa = PBXBuildFile; fileRef = 995BE3662A66FCE70038BE1A /* TimeView.swift */; };
		995BE3692A670B500038BE1A /* MassConverter.swift in Sources */ = {isa = PBXBuildFile; fileRef = 995BE3682A670B500038BE1A /* MassConverter.swift */; };
/* End PBXBuildFile section */

/* Begin PBXContainerItemProxy section */
		995BE3442A62CF3A0038BE1A /* PBXContainerItemProxy */ = {
			isa = PBXContainerItemProxy;
			containerPortal = 995BE32B2A62CF390038BE1A /* Project object */;
			proxyType = 1;
			remoteGlobalIDString = 995BE3322A62CF390038BE1A;
			remoteInfo = UnitConverter;
		};
		995BE34E2A62CF3A0038BE1A /* PBXContainerItemProxy */ = {
			isa = PBXContainerItemProxy;
			containerPortal = 995BE32B2A62CF390038BE1A /* Project object */;
			proxyType = 1;
			remoteGlobalIDString = 995BE3322A62CF390038BE1A;
			remoteInfo = UnitConverter;
		};
/* End PBXContainerItemProxy section */

/* Begin PBXFileReference section */
		995BE3332A62CF390038BE1A /* UnitConverter.app */ = {isa = PBXFileReference; explicitFileType = wrapper.application; includeInIndex = 0; path = UnitConverter.app; sourceTree = BUILT_PRODUCTS_DIR; };
		995BE3362A62CF390038BE1A /* UnitConverterApp.swift */ = {isa = PBXFileReference; lastKnownFileType = sourcecode.swift; path = UnitConverterApp.swift; sourceTree = "<group>"; };
		995BE3382A62CF390038BE1A /* ContentView.swift */ = {isa = PBXFileReference; lastKnownFileType = sourcecode.swift; path = ContentView.swift; sourceTree = "<group>"; };
		995BE33A2A62CF3A0038BE1A /* Assets.xcassets */ = {isa = PBXFileReference; lastKnownFileType = folder.assetcatalog; path = Assets.xcassets; sourceTree = "<group>"; };
		995BE33D2A62CF3A0038BE1A /* Preview Assets.xcassets */ = {isa = PBXFileReference; lastKnownFileType = folder.assetcatalog; path = "Preview Assets.xcassets"; sourceTree = "<group>"; };
		995BE3432A62CF3A0038BE1A /* UnitConverterTests.xctest */ = {isa = PBXFileReference; explicitFileType = wrapper.cfbundle; includeInIndex = 0; path = UnitConverterTests.xctest; sourceTree = BUILT_PRODUCTS_DIR; };
		995BE3472A62CF3A0038BE1A /* UnitConverterTests.swift */ = {isa = PBXFileReference; lastKnownFileType = sourcecode.swift; path = UnitConverterTests.swift; sourceTree = "<group>"; };
		995BE34D2A62CF3A0038BE1A /* UnitConverterUITests.xctest */ = {isa = PBXFileReference; explicitFileType = wrapper.cfbundle; includeInIndex = 0; path = UnitConverterUITests.xctest; sourceTree = BUILT_PRODUCTS_DIR; };
		995BE3512A62CF3A0038BE1A /* UnitConverterUITests.swift */ = {isa = PBXFileReference; lastKnownFileType = sourcecode.swift; path = UnitConverterUITests.swift; sourceTree = "<group>"; };
		995BE3532A62CF3A0038BE1A /* UnitConverterUITestsLaunchTests.swift */ = {isa = PBXFileReference; lastKnownFileType = sourcecode.swift; path = UnitConverterUITestsLaunchTests.swift; sourceTree = "<group>"; };
		995BE3622A66BDD50038BE1A /* LengthView.swift */ = {isa = PBXFileReference; lastKnownFileType = sourcecode.swift; path = LengthView.swift; sourceTree = "<group>"; };
		995BE3642A66C09E0038BE1A /* TemperatureView.swift */ = {isa = PBXFileReference; lastKnownFileType = sourcecode.swift; path = TemperatureView.swift; sourceTree = "<group>"; };
		995BE3662A66FCE70038BE1A /* TimeView.swift */ = {isa = PBXFileReference; lastKnownFileType = sourcecode.swift; path = TimeView.swift; sourceTree = "<group>"; };
		995BE3682A670B500038BE1A /* MassConverter.swift */ = {isa = PBXFileReference; lastKnownFileType = sourcecode.swift; path = MassConverter.swift; sourceTree = "<group>"; };
/* End PBXFileReference section */

/* Begin PBXFrameworksBuildPhase section */
		995BE3302A62CF390038BE1A /* Frameworks */ = {
			isa = PBXFrameworksBuildPhase;
			buildActionMask = 2147483647;
			files = (
			);
			runOnlyForDeploymentPostprocessing = 0;
		};
		995BE3402A62CF3A0038BE1A /* Frameworks */ = {
			isa = PBXFrameworksBuildPhase;
			buildActionMask = 2147483647;
			files = (
			);
			runOnlyForDeploymentPostprocessing = 0;
		};
		995BE34A2A62CF3A0038BE1A /* Frameworks */ = {
			isa = PBXFrameworksBuildPhase;
			buildActionMask = 2147483647;
			files = (
			);
			runOnlyForDeploymentPostprocessing = 0;
		};
/* End PBXFrameworksBuildPhase section */

/* Begin PBXGroup section */
		995BE32A2A62CF390038BE1A = {
			isa = PBXGroup;
			children = (
				995BE3352A62CF390038BE1A /* UnitConverter */,
				995BE3462A62CF3A0038BE1A /* UnitConverterTests */,
				995BE3502A62CF3A0038BE1A /* UnitConverterUITests */,
				995BE3342A62CF390038BE1A /* Products */,
			);
			sourceTree = "<group>";
		};
		995BE3342A62CF390038BE1A /* Products */ = {
			isa = PBXGroup;
			children = (
				995BE3332A62CF390038BE1A /* UnitConverter.app */,
				995BE3432A62CF3A0038BE1A /* UnitConverterTests.xctest */,
				995BE34D2A62CF3A0038BE1A /* UnitConverterUITests.xctest */,
			);
			name = Products;
			sourceTree = "<group>";
		};
		995BE3352A62CF390038BE1A /* UnitConverter */ = {
			isa = PBXGroup;
			children = (
				995BE3662A66FCE70038BE1A /* TimeView.swift */,
				995BE3362A62CF390038BE1A /* UnitConverterApp.swift */,
				995BE3382A62CF390038BE1A /* ContentView.swift */,
				995BE3682A670B500038BE1A /* MassConverter.swift */,
				995BE3622A66BDD50038BE1A /* LengthView.swift */,
				995BE3642A66C09E0038BE1A /* TemperatureView.swift */,
				995BE33A2A62CF3A0038BE1A /* Assets.xcassets */,
				995BE33C2A62CF3A0038BE1A /* Preview Content */,
			);
			path = UnitConverter;
			sourceTree = "<group>";
		};
		995BE33C2A62CF3A0038BE1A /* Preview Content */ = {
			isa = PBXGroup;
			children = (
				995BE33D2A62CF3A0038BE1A /* Preview Assets.xcassets */,
			);
			path = "Preview Content";
			sourceTree = "<group>";
		};
		995BE3462A62CF3A0038BE1A /* UnitConverterTests */ = {
			isa = PBXGroup;
			children = (
				995BE3472A62CF3A0038BE1A /* UnitConverterTests.swift */,
			);
			path = UnitConverterTests;
			sourceTree = "<group>";
		};
		995BE3502A62CF3A0038BE1A /* UnitConverterUITests */ = {
			isa = PBXGroup;
			children = (
				995BE3512A62CF3A0038BE1A /* UnitConverterUITests.swift */,
				995BE3532A62CF3A0038BE1A /* UnitConverterUITestsLaunchTests.swift */,
			);
			path = UnitConverterUITests;
			sourceTree = "<group>";
		};
/* End PBXGroup section */

/* Begin PBXNativeTarget section */
		995BE3322A62CF390038BE1A /* UnitConverter */ = {
			isa = PBXNativeTarget;
			buildConfigurationList = 995BE3572A62CF3A0038BE1A /* Build configuration list for PBXNativeTarget "UnitConverter" */;
			buildPhases = (
				995BE32F2A62CF390038BE1A /* Sources */,
				995BE3302A62CF390038BE1A /* Frameworks */,
				995BE3312A62CF390038BE1A /* Resources */,
			);
			buildRules = (
			);
			dependencies = (
			);
			name = UnitConverter;
			productName = UnitConverter;
			productReference = 995BE3332A62CF390038BE1A /* UnitConverter.app */;
			productType = "com.apple.product-type.application";
		};
		995BE3422A62CF3A0038BE1A /* UnitConverterTests */ = {
			isa = PBXNativeTarget;
			buildConfigurationList = 995BE35A2A62CF3A0038BE1A /* Build configuration list for PBXNativeTarget "UnitConverterTests" */;
			buildPhases = (
				995BE33F2A62CF3A0038BE1A /* Sources */,
				995BE3402A62CF3A0038BE1A /* Frameworks */,
				995BE3412A62CF3A0038BE1A /* Resources */,
			);
			buildRules = (
			);
			dependencies = (
				995BE3452A62CF3A0038BE1A /* PBXTargetDependency */,
			);
			name = UnitConverterTests;
			productName = UnitConverterTests;
			productReference = 995BE3432A62CF3A0038BE1A /* UnitConverterTests.xctest */;
			productType = "com.apple.product-type.bundle.unit-test";
		};
		995BE34C2A62CF3A0038BE1A /* UnitConverterUITests */ = {
			isa = PBXNativeTarget;
			buildConfigurationList = 995BE35D2A62CF3A0038BE1A /* Build configuration list for PBXNativeTarget "UnitConverterUITests" */;
			buildPhases = (
				995BE3492A62CF3A0038BE1A /* Sources */,
				995BE34A2A62CF3A0038BE1A /* Frameworks */,
				995BE34B2A62CF3A0038BE1A /* Resources */,
			);
			buildRules = (
			);
			dependencies = (
				995BE34F2A62CF3A0038BE1A /* PBXTargetDependency */,
			);
			name = UnitConverterUITests;
			productName = UnitConverterUITests;
			productReference = 995BE34D2A62CF3A0038BE1A /* UnitConverterUITests.xctest */;
			productType = "com.apple.product-type.bundle.ui-testing";
		};
/* End PBXNativeTarget section */

/* Begin PBXProject section */
		995BE32B2A62CF390038BE1A /* Project object */ = {
			isa = PBXProject;
			attributes = {
				BuildIndependentTargetsInParallel = 1;
				LastSwiftUpdateCheck = 1430;
				LastUpgradeCheck = 1430;
				TargetAttributes = {
					995BE3322A62CF390038BE1A = {
						CreatedOnToolsVersion = 14.3.1;
					};
					995BE3422A62CF3A0038BE1A = {
						CreatedOnToolsVersion = 14.3.1;
						TestTargetID = 995BE3322A62CF390038BE1A;
					};
					995BE34C2A62CF3A0038BE1A = {
						CreatedOnToolsVersion = 14.3.1;
						TestTargetID = 995BE3322A62CF390038BE1A;
					};
				};
			};
			buildConfigurationList = 995BE32E2A62CF390038BE1A /* Build configuration list for PBXProject "UnitConverter" */;
			compatibilityVersion = "Xcode 14.0";
			developmentRegion = en;
			hasScannedForEncodings = 0;
			knownRegions = (
				en,
				Base,
			);
			mainGroup = 995BE32A2A62CF390038BE1A;
			productRefGroup = 995BE3342A62CF390038BE1A /* Products */;
			projectDirPath = "";
			projectRoot = "";
			targets = (
				995BE3322A62CF390038BE1A /* UnitConverter */,
				995BE3422A62CF3A0038BE1A /* UnitConverterTests */,
				995BE34C2A62CF3A0038BE1A /* UnitConverterUITests */,
			);
		};
/* End PBXProject section */

/* Begin PBXResourcesBuildPhase section */
		995BE3312A62CF390038BE1A /* Resources */ = {
			isa = PBXResourcesBuildPhase;
			buildActionMask = 2147483647;
			files = (
				995BE33E2A62CF3A0038BE1A /* Preview Assets.xcassets in Resources */,
				995BE33B2A62CF3A0038BE1A /* Assets.xcassets in Resources */,
			);
			runOnlyForDeploymentPostprocessing = 0;
		};
		995BE3412A62CF3A0038BE1A /* Resources */ = {
			isa = PBXResourcesBuildPhase;
			buildActionMask = 2147483647;
			files = (
			);
			runOnlyForDeploymentPostprocessing = 0;
		};
		995BE34B2A62CF3A0038BE1A /* Resources */ = {
			isa = PBXResourcesBuildPhase;
			buildActionMask = 2147483647;
			files = (
			);
			runOnlyForDeploymentPostprocessing = 0;
		};
/* End PBXResourcesBuildPhase section */

/* Begin PBXSourcesBuildPhase section */
		995BE32F2A62CF390038BE1A /* Sources */ = {
			isa = PBXSourcesBuildPhase;
			buildActionMask = 2147483647;
			files = (
				995BE3692A670B500038BE1A /* MassConverter.swift in Sources */,
				995BE3392A62CF390038BE1A /* ContentView.swift in Sources */,
				995BE3652A66C09E0038BE1A /* TemperatureView.swift in Sources */,
				995BE3672A66FCE70038BE1A /* TimeView.swift in Sources */,
				995BE3372A62CF390038BE1A /* UnitConverterApp.swift in Sources */,
				995BE3632A66BDD50038BE1A /* LengthView.swift in Sources */,
			);
			runOnlyForDeploymentPostprocessing = 0;
		};
		995BE33F2A62CF3A0038BE1A /* Sources */ = {
			isa = PBXSourcesBuildPhase;
			buildActionMask = 2147483647;
			files = (
				995BE3482A62CF3A0038BE1A /* UnitConverterTests.swift in Sources */,
			);
			runOnlyForDeploymentPostprocessing = 0;
		};
		995BE3492A62CF3A0038BE1A /* Sources */ = {
			isa = PBXSourcesBuildPhase;
			buildActionMask = 2147483647;
			files = (
				995BE3522A62CF3A0038BE1A /* UnitConverterUITests.swift in Sources */,
				995BE3542A62CF3A0038BE1A /* UnitConverterUITestsLaunchTests.swift in Sources */,
			);
			runOnlyForDeploymentPostprocessing = 0;
		};
/* End PBXSourcesBuildPhase section */

/* Begin PBXTargetDependency section */
		995BE3452A62CF3A0038BE1A /* PBXTargetDependency */ = {
			isa = PBXTargetDependency;
			target = 995BE3322A62CF390038BE1A /* UnitConverter */;
			targetProxy = 995BE3442A62CF3A0038BE1A /* PBXContainerItemProxy */;
		};
		995BE34F2A62CF3A0038BE1A /* PBXTargetDependency */ = {
			isa = PBXTargetDependency;
			target = 995BE3322A62CF390038BE1A /* UnitConverter */;
			targetProxy = 995BE34E2A62CF3A0038BE1A /* PBXContainerItemProxy */;
		};
/* End PBXTargetDependency section */

/* Begin XCBuildConfiguration section */
		995BE3552A62CF3A0038BE1A /* Debug */ = {
			isa = XCBuildConfiguration;
			buildSettings = {
				ALWAYS_SEARCH_USER_PATHS = NO;
				CLANG_ANALYZER_NONNULL = YES;
				CLANG_ANALYZER_NUMBER_OBJECT_CONVERSION = YES_AGGRESSIVE;
				CLANG_CXX_LANGUAGE_STANDARD = "gnu++20";
				CLANG_ENABLE_MODULES = YES;
				CLANG_ENABLE_OBJC_ARC = YES;
				CLANG_ENABLE_OBJC_WEAK = YES;
				CLANG_WARN_BLOCK_CAPTURE_AUTORELEASING = YES;
				CLANG_WARN_BOOL_CONVERSION = YES;
				CLANG_WARN_COMMA = YES;
				CLANG_WARN_CONSTANT_CONVERSION = YES;
				CLANG_WARN_DEPRECATED_OBJC_IMPLEMENTATIONS = YES;
				CLANG_WARN_DIRECT_OBJC_ISA_USAGE = YES_ERROR;
				CLANG_WARN_DOCUMENTATION_COMMENTS = YES;
				CLANG_WARN_EMPTY_BODY = YES;
				CLANG_WARN_ENUM_CONVERSION = YES;
				CLANG_WARN_INFINITE_RECURSION = YES;
				CLANG_WARN_INT_CONVERSION = YES;
				CLANG_WARN_NON_LITERAL_NULL_CONVERSION = YES;
				CLANG_WARN_OBJC_IMPLICIT_RETAIN_SELF = YES;
				CLANG_WARN_OBJC_LITERAL_CONVERSION = YES;
				CLANG_WARN_OBJC_ROOT_CLASS = YES_ERROR;
				CLANG_WARN_QUOTED_INCLUDE_IN_FRAMEWORK_HEADER = YES;
				CLANG_WARN_RANGE_LOOP_ANALYSIS = YES;
				CLANG_WARN_STRICT_PROTOTYPES = YES;
				CLANG_WARN_SUSPICIOUS_MOVE = YES;
				CLANG_WARN_UNGUARDED_AVAILABILITY = YES_AGGRESSIVE;
				CLANG_WARN_UNREACHABLE_CODE = YES;
				CLANG_WARN__DUPLICATE_METHOD_MATCH = YES;
				COPY_PHASE_STRIP = NO;
				DEBUG_INFORMATION_FORMAT = dwarf;
				ENABLE_STRICT_OBJC_MSGSEND = YES;
				ENABLE_TESTABILITY = YES;
				GCC_C_LANGUAGE_STANDARD = gnu11;
				GCC_DYNAMIC_NO_PIC = NO;
				GCC_NO_COMMON_BLOCKS = YES;
				GCC_OPTIMIZATION_LEVEL = 0;
				GCC_PREPROCESSOR_DEFINITIONS = (
					"DEBUG=1",
					"$(inherited)",
				);
				GCC_WARN_64_TO_32_BIT_CONVERSION = YES;
				GCC_WARN_ABOUT_RETURN_TYPE = YES_ERROR;
				GCC_WARN_UNDECLARED_SELECTOR = YES;
				GCC_WARN_UNINITIALIZED_AUTOS = YES_AGGRESSIVE;
				GCC_WARN_UNUSED_FUNCTION = YES;
				GCC_WARN_UNUSED_VARIABLE = YES;
				IPHONEOS_DEPLOYMENT_TARGET = 16.0;
				MTL_ENABLE_DEBUG_INFO = INCLUDE_SOURCE;
				MTL_FAST_MATH = YES;
				ONLY_ACTIVE_ARCH = YES;
				SDKROOT = iphoneos;
				SWIFT_ACTIVE_COMPILATION_CONDITIONS = DEBUG;
				SWIFT_OPTIMIZATION_LEVEL = "-Onone";
			};
			name = Debug;
		};
		995BE3562A62CF3A0038BE1A /* Release */ = {
			isa = XCBuildConfiguration;
			buildSettings = {
				ALWAYS_SEARCH_USER_PATHS = NO;
				CLANG_ANALYZER_NONNULL = YES;
				CLANG_ANALYZER_NUMBER_OBJECT_CONVERSION = YES_AGGRESSIVE;
				CLANG_CXX_LANGUAGE_STANDARD = "gnu++20";
				CLANG_ENABLE_MODULES = YES;
				CLANG_ENABLE_OBJC_ARC = YES;
				CLANG_ENABLE_OBJC_WEAK = YES;
				CLANG_WARN_BLOCK_CAPTURE_AUTORELEASING = YES;
				CLANG_WARN_BOOL_CONVERSION = YES;
				CLANG_WARN_COMMA = YES;
				CLANG_WARN_CONSTANT_CONVERSION = YES;
				CLANG_WARN_DEPRECATED_OBJC_IMPLEMENTATIONS = YES;
				CLANG_WARN_DIRECT_OBJC_ISA_USAGE = YES_ERROR;
				CLANG_WARN_DOCUMENTATION_COMMENTS = YES;
				CLANG_WARN_EMPTY_BODY = YES;
				CLANG_WARN_ENUM_CONVERSION = YES;
				CLANG_WARN_INFINITE_RECURSION = YES;
				CLANG_WARN_INT_CONVERSION = YES;
				CLANG_WARN_NON_LITERAL_NULL_CONVERSION = YES;
				CLANG_WARN_OBJC_IMPLICIT_RETAIN_SELF = YES;
				CLANG_WARN_OBJC_LITERAL_CONVERSION = YES;
				CLANG_WARN_OBJC_ROOT_CLASS = YES_ERROR;
				CLANG_WARN_QUOTED_INCLUDE_IN_FRAMEWORK_HEADER = YES;
				CLANG_WARN_RANGE_LOOP_ANALYSIS = YES;
				CLANG_WARN_STRICT_PROTOTYPES = YES;
				CLANG_WARN_SUSPICIOUS_MOVE = YES;
				CLANG_WARN_UNGUARDED_AVAILABILITY = YES_AGGRESSIVE;
				CLANG_WARN_UNREACHABLE_CODE = YES;
				CLANG_WARN__DUPLICATE_METHOD_MATCH = YES;
				COPY_PHASE_STRIP = NO;
				DEBUG_INFORMATION_FORMAT = "dwarf-with-dsym";
				ENABLE_NS_ASSERTIONS = NO;
				ENABLE_STRICT_OBJC_MSGSEND = YES;
				GCC_C_LANGUAGE_STANDARD = gnu11;
				GCC_NO_COMMON_BLOCKS = YES;
				GCC_WARN_64_TO_32_BIT_CONVERSION = YES;
				GCC_WARN_ABOUT_RETURN_TYPE = YES_ERROR;
				GCC_WARN_UNDECLARED_SELECTOR = YES;
				GCC_WARN_UNINITIALIZED_AUTOS = YES_AGGRESSIVE;
				GCC_WARN_UNUSED_FUNCTION = YES;
				GCC_WARN_UNUSED_VARIABLE = YES;
				IPHONEOS_DEPLOYMENT_TARGET = 16.0;
				MTL_ENABLE_DEBUG_INFO = NO;
				MTL_FAST_MATH = YES;
				SDKROOT = iphoneos;
				SWIFT_COMPILATION_MODE = wholemodule;
				SWIFT_OPTIMIZATION_LEVEL = "-O";
				VALIDATE_PRODUCT = YES;
			};
			name = Release;
		};
		995BE3582A62CF3A0038BE1A /* Debug */ = {
			isa = XCBuildConfiguration;
			buildSettings = {
				ASSETCATALOG_COMPILER_APPICON_NAME = AppIcon;
				ASSETCATALOG_COMPILER_GLOBAL_ACCENT_COLOR_NAME = AccentColor;
				CODE_SIGN_STYLE = Automatic;
				CURRENT_PROJECT_VERSION = 1;
				DEVELOPMENT_ASSET_PATHS = "\"UnitConverter/Preview Content\"";
				DEVELOPMENT_TEAM = 6H5G788R4Z;
				ENABLE_PREVIEWS = YES;
				GENERATE_INFOPLIST_FILE = YES;
				INFOPLIST_KEY_UIApplicationSceneManifest_Generation = YES;
				INFOPLIST_KEY_UIApplicationSupportsIndirectInputEvents = YES;
				INFOPLIST_KEY_UILaunchScreen_Generation = YES;
				INFOPLIST_KEY_UISupportedInterfaceOrientations_iPad = "UIInterfaceOrientationPortrait UIInterfaceOrientationPortraitUpsideDown UIInterfaceOrientationLandscapeLeft UIInterfaceOrientationLandscapeRight";
				INFOPLIST_KEY_UISupportedInterfaceOrientations_iPhone = "UIInterfaceOrientationPortrait UIInterfaceOrientationLandscapeLeft UIInterfaceOrientationLandscapeRight";
				IPHONEOS_DEPLOYMENT_TARGET = 16.0;
				LD_RUNPATH_SEARCH_PATHS = (
					"$(inherited)",
					"@executable_path/Frameworks",
				);
				MARKETING_VERSION = 1.0;
				PRODUCT_BUNDLE_IDENTIFIER = gianluca.UnitConverter;
				PRODUCT_NAME = "$(TARGET_NAME)";
				SWIFT_EMIT_LOC_STRINGS = YES;
				SWIFT_VERSION = 5.0;
				TARGETED_DEVICE_FAMILY = "1,2";
			};
			name = Debug;
		};
		995BE3592A62CF3A0038BE1A /* Release */ = {
			isa = XCBuildConfiguration;
			buildSettings = {
				ASSETCATALOG_COMPILER_APPICON_NAME = AppIcon;
				ASSETCATALOG_COMPILER_GLOBAL_ACCENT_COLOR_NAME = AccentColor;
				CODE_SIGN_STYLE = Automatic;
				CURRENT_PROJECT_VERSION = 1;
				DEVELOPMENT_ASSET_PATHS = "\"UnitConverter/Preview Content\"";
				DEVELOPMENT_TEAM = 6H5G788R4Z;
				ENABLE_PREVIEWS = YES;
				GENERATE_INFOPLIST_FILE = YES;
				INFOPLIST_KEY_UIApplicationSceneManifest_Generation = YES;
				INFOPLIST_KEY_UIApplicationSupportsIndirectInputEvents = YES;
				INFOPLIST_KEY_UILaunchScreen_Generation = YES;
				INFOPLIST_KEY_UISupportedInterfaceOrientations_iPad = "UIInterfaceOrientationPortrait UIInterfaceOrientationPortraitUpsideDown UIInterfaceOrientationLandscapeLeft UIInterfaceOrientationLandscapeRight";
				INFOPLIST_KEY_UISupportedInterfaceOrientations_iPhone = "UIInterfaceOrientationPortrait UIInterfaceOrientationLandscapeLeft UIInterfaceOrientationLandscapeRight";
				IPHONEOS_DEPLOYMENT_TARGET = 16.0;
				LD_RUNPATH_SEARCH_PATHS = (
					"$(inherited)",
					"@executable_path/Frameworks",
				);
				MARKETING_VERSION = 1.0;
				PRODUCT_BUNDLE_IDENTIFIER = gianluca.UnitConverter;
				PRODUCT_NAME = "$(TARGET_NAME)";
				SWIFT_EMIT_LOC_STRINGS = YES;
				SWIFT_VERSION = 5.0;
				TARGETED_DEVICE_FAMILY = "1,2";
			};
			name = Release;
		};
		995BE35B2A62CF3A0038BE1A /* Debug */ = {
			isa = XCBuildConfiguration;
			buildSettings = {
				ALWAYS_EMBED_SWIFT_STANDARD_LIBRARIES = YES;
				BUNDLE_LOADER = "$(TEST_HOST)";
				CODE_SIGN_STYLE = Automatic;
				CURRENT_PROJECT_VERSION = 1;
				DEVELOPMENT_TEAM = 6H5G788R4Z;
				GENERATE_INFOPLIST_FILE = YES;
				IPHONEOS_DEPLOYMENT_TARGET = 16.4;
				MARKETING_VERSION = 1.0;
				PRODUCT_BUNDLE_IDENTIFIER = gianluca.UnitConverterTests;
				PRODUCT_NAME = "$(TARGET_NAME)";
				SWIFT_EMIT_LOC_STRINGS = NO;
				SWIFT_VERSION = 5.0;
				TARGETED_DEVICE_FAMILY = "1,2";
				TEST_HOST = "$(BUILT_PRODUCTS_DIR)/UnitConverter.app/$(BUNDLE_EXECUTABLE_FOLDER_PATH)/UnitConverter";
			};
			name = Debug;
		};
		995BE35C2A62CF3A0038BE1A /* Release */ = {
			isa = XCBuildConfiguration;
			buildSettings = {
				ALWAYS_EMBED_SWIFT_STANDARD_LIBRARIES = YES;
				BUNDLE_LOADER = "$(TEST_HOST)";
				CODE_SIGN_STYLE = Automatic;
				CURRENT_PROJECT_VERSION = 1;
				DEVELOPMENT_TEAM = 6H5G788R4Z;
				GENERATE_INFOPLIST_FILE = YES;
				IPHONEOS_DEPLOYMENT_TARGET = 16.4;
				MARKETING_VERSION = 1.0;
				PRODUCT_BUNDLE_IDENTIFIER = gianluca.UnitConverterTests;
				PRODUCT_NAME = "$(TARGET_NAME)";
				SWIFT_EMIT_LOC_STRINGS = NO;
				SWIFT_VERSION = 5.0;
				TARGETED_DEVICE_FAMILY = "1,2";
				TEST_HOST = "$(BUILT_PRODUCTS_DIR)/UnitConverter.app/$(BUNDLE_EXECUTABLE_FOLDER_PATH)/UnitConverter";
			};
			name = Release;
		};
		995BE35E2A62CF3A0038BE1A /* Debug */ = {
			isa = XCBuildConfiguration;
			buildSettings = {
				ALWAYS_EMBED_SWIFT_STANDARD_LIBRARIES = YES;
				CODE_SIGN_STYLE = Automatic;
				CURRENT_PROJECT_VERSION = 1;
				DEVELOPMENT_TEAM = 6H5G788R4Z;
				GENERATE_INFOPLIST_FILE = YES;
				MARKETING_VERSION = 1.0;
				PRODUCT_BUNDLE_IDENTIFIER = gianluca.UnitConverterUITests;
				PRODUCT_NAME = "$(TARGET_NAME)";
				SWIFT_EMIT_LOC_STRINGS = NO;
				SWIFT_VERSION = 5.0;
				TARGETED_DEVICE_FAMILY = "1,2";
				TEST_TARGET_NAME = UnitConverter;
			};
			name = Debug;
		};
		995BE35F2A62CF3A0038BE1A /* Release */ = {
			isa = XCBuildConfiguration;
			buildSettings = {
				ALWAYS_EMBED_SWIFT_STANDARD_LIBRARIES = YES;
				CODE_SIGN_STYLE = Automatic;
				CURRENT_PROJECT_VERSION = 1;
				DEVELOPMENT_TEAM = 6H5G788R4Z;
				GENERATE_INFOPLIST_FILE = YES;
				MARKETING_VERSION = 1.0;
				PRODUCT_BUNDLE_IDENTIFIER = gianluca.UnitConverterUITests;
				PRODUCT_NAME = "$(TARGET_NAME)";
				SWIFT_EMIT_LOC_STRINGS = NO;
				SWIFT_VERSION = 5.0;
				TARGETED_DEVICE_FAMILY = "1,2";
				TEST_TARGET_NAME = UnitConverter;
			};
			name = Release;
		};
/* End XCBuildConfiguration section */

/* Begin XCConfigurationList section */
		995BE32E2A62CF390038BE1A /* Build configuration list for PBXProject "UnitConverter" */ = {
			isa = XCConfigurationList;
			buildConfigurations = (
				995BE3552A62CF3A0038BE1A /* Debug */,
				995BE3562A62CF3A0038BE1A /* Release */,
			);
			defaultConfigurationIsVisible = 0;
			defaultConfigurationName = Release;
		};
		995BE3572A62CF3A0038BE1A /* Build configuration list for PBXNativeTarget "UnitConverter" */ = {
			isa = XCConfigurationList;
			buildConfigurations = (
				995BE3582A62CF3A0038BE1A /* Debug */,
				995BE3592A62CF3A0038BE1A /* Release */,
			);
			defaultConfigurationIsVisible = 0;
			defaultConfigurationName = Release;
		};
		995BE35A2A62CF3A0038BE1A /* Build configuration list for PBXNativeTarget "UnitConverterTests" */ = {
			isa = XCConfigurationList;
			buildConfigurations = (
				995BE35B2A62CF3A0038BE1A /* Debug */,
				995BE35C2A62CF3A0038BE1A /* Release */,
			);
			defaultConfigurationIsVisible = 0;
			defaultConfigurationName = Release;
		};
		995BE35D2A62CF3A0038BE1A /* Build configuration list for PBXNativeTarget "UnitConverterUITests" */ = {
			isa = XCConfigurationList;
			buildConfigurations = (
				995BE35E2A62CF3A0038BE1A /* Debug */,
				995BE35F2A62CF3A0038BE1A /* Release */,
			);
			defaultConfigurationIsVisible = 0;
			defaultConfigurationName = Release;
		};
/* End XCConfigurationList section */
	};
	rootObject = 995BE32B2A62CF390038BE1A /* Project object */;
}
